// !$*UTF8*$!
{
	archiveVersion = 1;
	classes = {
	};
	objectVersion = 50;
	objects = {

/* Begin PBXBuildFile section */
		55A2A08023BF418800B099BF /* ScoreViewController.swift in Sources */ = {isa = PBXBuildFile; fileRef = 55A2A07F23BF418800B099BF /* ScoreViewController.swift */; };
		55A2A08223BF41A100B099BF /* ScoreFormViewController.swift in Sources */ = {isa = PBXBuildFile; fileRef = 55A2A08123BF41A100B099BF /* ScoreFormViewController.swift */; };
		55A2A08423BF41B500B099BF /* ScoreTableViewCell.swift in Sources */ = {isa = PBXBuildFile; fileRef = 55A2A08323BF41B500B099BF /* ScoreTableViewCell.swift */; };
		55B8504623AA0F1A00F76772 /* CollegeDetailViewController.swift in Sources */ = {isa = PBXBuildFile; fileRef = 55B8504523AA0F1A00F76772 /* CollegeDetailViewController.swift */; };
		55B8504923AA2F6E00F76772 /* College.storyboard in Resources */ = {isa = PBXBuildFile; fileRef = 55B8504723AA2F6E00F76772 /* College.storyboard */; };
		55DB36EE23A093710002395C /* AppDelegate.swift in Sources */ = {isa = PBXBuildFile; fileRef = 55DB36ED23A093710002395C /* AppDelegate.swift */; };
		55DB36F023A093710002395C /* CollegeListViewController.swift in Sources */ = {isa = PBXBuildFile; fileRef = 55DB36EF23A093710002395C /* CollegeListViewController.swift */; };
		55DB36F323A093710002395C /* Main.storyboard in Resources */ = {isa = PBXBuildFile; fileRef = 55DB36F123A093710002395C /* Main.storyboard */; };
		55DB36F623A093710002395C /* Student_Management.xcdatamodeld in Sources */ = {isa = PBXBuildFile; fileRef = 55DB36F423A093710002395C /* Student_Management.xcdatamodeld */; };
		55DB36F823A093740002395C /* Assets.xcassets in Resources */ = {isa = PBXBuildFile; fileRef = 55DB36F723A093740002395C /* Assets.xcassets */; };
		55DB36FB23A093740002395C /* LaunchScreen.storyboard in Resources */ = {isa = PBXBuildFile; fileRef = 55DB36F923A093740002395C /* LaunchScreen.storyboard */; };
		55DB370623A093750002395C /* Student_ManagementTests.swift in Sources */ = {isa = PBXBuildFile; fileRef = 55DB370523A093750002395C /* Student_ManagementTests.swift */; };
		55DB371123A093750002395C /* Student_ManagementUITests.swift in Sources */ = {isa = PBXBuildFile; fileRef = 55DB371023A093750002395C /* Student_ManagementUITests.swift */; };
		55DB372023A0CB760002395C /* CollegeFormViewController.swift in Sources */ = {isa = PBXBuildFile; fileRef = 55DB371F23A0CB760002395C /* CollegeFormViewController.swift */; };
		55DB372323A0D0290002395C /* DatabaseHelper.swift in Sources */ = {isa = PBXBuildFile; fileRef = 55DB372223A0D0290002395C /* DatabaseHelper.swift */; };
		55DB372623A0DC110002395C /* CollegeViewCell.swift in Sources */ = {isa = PBXBuildFile; fileRef = 55DB372523A0DC110002395C /* CollegeViewCell.swift */; };
/* End PBXBuildFile section */

/* Begin PBXContainerItemProxy section */
		55DB370223A093750002395C /* PBXContainerItemProxy */ = {
			isa = PBXContainerItemProxy;
			containerPortal = 55DB36E223A093710002395C /* Project object */;
			proxyType = 1;
			remoteGlobalIDString = 55DB36E923A093710002395C;
			remoteInfo = "Student Management";
		};
		55DB370D23A093750002395C /* PBXContainerItemProxy */ = {
			isa = PBXContainerItemProxy;
			containerPortal = 55DB36E223A093710002395C /* Project object */;
			proxyType = 1;
			remoteGlobalIDString = 55DB36E923A093710002395C;
			remoteInfo = "Student Management";
		};
/* End PBXContainerItemProxy section */

/* Begin PBXFileReference section */
		55A2A07F23BF418800B099BF /* ScoreViewController.swift */ = {isa = PBXFileReference; lastKnownFileType = sourcecode.swift; path = ScoreViewController.swift; sourceTree = "<group>"; };
		55A2A08123BF41A100B099BF /* ScoreFormViewController.swift */ = {isa = PBXFileReference; lastKnownFileType = sourcecode.swift; path = ScoreFormViewController.swift; sourceTree = "<group>"; };
		55A2A08323BF41B500B099BF /* ScoreTableViewCell.swift */ = {isa = PBXFileReference; lastKnownFileType = sourcecode.swift; path = ScoreTableViewCell.swift; sourceTree = "<group>"; };
		55B8504523AA0F1A00F76772 /* CollegeDetailViewController.swift */ = {isa = PBXFileReference; lastKnownFileType = sourcecode.swift; path = CollegeDetailViewController.swift; sourceTree = "<group>"; };
		55B8504823AA2F6E00F76772 /* Base */ = {isa = PBXFileReference; lastKnownFileType = file.storyboard; name = Base; path = "Student Management/Base.lproj/College.storyboard"; sourceTree = "<group>"; };
		55DB36EA23A093710002395C /* Student Management.app */ = {isa = PBXFileReference; explicitFileType = wrapper.application; includeInIndex = 0; path = "Student Management.app"; sourceTree = BUILT_PRODUCTS_DIR; };
		55DB36ED23A093710002395C /* AppDelegate.swift */ = {isa = PBXFileReference; lastKnownFileType = sourcecode.swift; path = AppDelegate.swift; sourceTree = "<group>"; };
		55DB36EF23A093710002395C /* CollegeListViewController.swift */ = {isa = PBXFileReference; lastKnownFileType = sourcecode.swift; path = CollegeListViewController.swift; sourceTree = "<group>"; };
		55DB36F223A093710002395C /* Base */ = {isa = PBXFileReference; lastKnownFileType = file.storyboard; name = Base; path = Base.lproj/Main.storyboard; sourceTree = "<group>"; };
		55DB36F523A093710002395C /* Student_Management.xcdatamodel */ = {isa = PBXFileReference; lastKnownFileType = wrapper.xcdatamodel; path = Student_Management.xcdatamodel; sourceTree = "<group>"; };
		55DB36F723A093740002395C /* Assets.xcassets */ = {isa = PBXFileReference; lastKnownFileType = folder.assetcatalog; path = Assets.xcassets; sourceTree = "<group>"; };
		55DB36FA23A093740002395C /* Base */ = {isa = PBXFileReference; lastKnownFileType = file.storyboard; name = Base; path = Base.lproj/LaunchScreen.storyboard; sourceTree = "<group>"; };
		55DB36FC23A093740002395C /* Info.plist */ = {isa = PBXFileReference; lastKnownFileType = text.plist.xml; path = Info.plist; sourceTree = "<group>"; };
		55DB370123A093750002395C /* Student ManagementTests.xctest */ = {isa = PBXFileReference; explicitFileType = wrapper.cfbundle; includeInIndex = 0; path = "Student ManagementTests.xctest"; sourceTree = BUILT_PRODUCTS_DIR; };
		55DB370523A093750002395C /* Student_ManagementTests.swift */ = {isa = PBXFileReference; lastKnownFileType = sourcecode.swift; path = Student_ManagementTests.swift; sourceTree = "<group>"; };
		55DB370723A093750002395C /* Info.plist */ = {isa = PBXFileReference; lastKnownFileType = text.plist.xml; path = Info.plist; sourceTree = "<group>"; };
		55DB370C23A093750002395C /* Student ManagementUITests.xctest */ = {isa = PBXFileReference; explicitFileType = wrapper.cfbundle; includeInIndex = 0; path = "Student ManagementUITests.xctest"; sourceTree = BUILT_PRODUCTS_DIR; };
		55DB371023A093750002395C /* Student_ManagementUITests.swift */ = {isa = PBXFileReference; lastKnownFileType = sourcecode.swift; path = Student_ManagementUITests.swift; sourceTree = "<group>"; };
		55DB371223A093750002395C /* Info.plist */ = {isa = PBXFileReference; lastKnownFileType = text.plist.xml; path = Info.plist; sourceTree = "<group>"; };
		55DB371F23A0CB760002395C /* CollegeFormViewController.swift */ = {isa = PBXFileReference; lastKnownFileType = sourcecode.swift; path = CollegeFormViewController.swift; sourceTree = "<group>"; };
		55DB372223A0D0290002395C /* DatabaseHelper.swift */ = {isa = PBXFileReference; lastKnownFileType = sourcecode.swift; path = DatabaseHelper.swift; sourceTree = "<group>"; };
		55DB372523A0DC110002395C /* CollegeViewCell.swift */ = {isa = PBXFileReference; lastKnownFileType = sourcecode.swift; path = CollegeViewCell.swift; sourceTree = "<group>"; };
/* End PBXFileReference section */

/* Begin PBXFrameworksBuildPhase section */
		55DB36E723A093710002395C /* Frameworks */ = {
			isa = PBXFrameworksBuildPhase;
			buildActionMask = 2147483647;
			files = (
			);
			runOnlyForDeploymentPostprocessing = 0;
		};
		55DB36FE23A093750002395C /* Frameworks */ = {
			isa = PBXFrameworksBuildPhase;
			buildActionMask = 2147483647;
			files = (
			);
			runOnlyForDeploymentPostprocessing = 0;
		};
		55DB370923A093750002395C /* Frameworks */ = {
			isa = PBXFrameworksBuildPhase;
			buildActionMask = 2147483647;
			files = (
			);
			runOnlyForDeploymentPostprocessing = 0;
		};
/* End PBXFrameworksBuildPhase section */

/* Begin PBXGroup section */
		55B8504A23AA2F9C00F76772 /* Storyboard */ = {
			isa = PBXGroup;
			children = (
				55B8504723AA2F6E00F76772 /* College.storyboard */,
				55DB36F123A093710002395C /* Main.storyboard */,
			);
			path = Storyboard;
			sourceTree = "<group>";
		};
		55DB36E123A093710002395C = {
			isa = PBXGroup;
			children = (
				55DB36EC23A093710002395C /* Student Management */,
				55DB370423A093750002395C /* Student ManagementTests */,
				55DB370F23A093750002395C /* Student ManagementUITests */,
				55DB36EB23A093710002395C /* Products */,
			);
			sourceTree = "<group>";
		};
		55DB36EB23A093710002395C /* Products */ = {
			isa = PBXGroup;
			children = (
				55DB36EA23A093710002395C /* Student Management.app */,
				55DB370123A093750002395C /* Student ManagementTests.xctest */,
				55DB370C23A093750002395C /* Student ManagementUITests.xctest */,
			);
			name = Products;
			sourceTree = "<group>";
		};
		55DB36EC23A093710002395C /* Student Management */ = {
			isa = PBXGroup;
			children = (
				55DB372423A0DBD10002395C /* View */,
				55DB372123A0CFDA0002395C /* DatabaseHelper */,
				55DB371E23A0CB530002395C /* Controller */,
				55DB36ED23A093710002395C /* AppDelegate.swift */,
				55B8504A23AA2F9C00F76772 /* Storyboard */,
				55DB36F723A093740002395C /* Assets.xcassets */,
				55DB36F923A093740002395C /* LaunchScreen.storyboard */,
				55DB36FC23A093740002395C /* Info.plist */,
				55DB36F423A093710002395C /* Student_Management.xcdatamodeld */,
			);
			path = "Student Management";
			sourceTree = "<group>";
		};
		55DB370423A093750002395C /* Student ManagementTests */ = {
			isa = PBXGroup;
			children = (
				55DB370523A093750002395C /* Student_ManagementTests.swift */,
				55DB370723A093750002395C /* Info.plist */,
			);
			path = "Student ManagementTests";
			sourceTree = "<group>";
		};
		55DB370F23A093750002395C /* Student ManagementUITests */ = {
			isa = PBXGroup;
			children = (
				55DB371023A093750002395C /* Student_ManagementUITests.swift */,
				55DB371223A093750002395C /* Info.plist */,
			);
			path = "Student ManagementUITests";
			sourceTree = "<group>";
		};
		55DB371E23A0CB530002395C /* Controller */ = {
			isa = PBXGroup;
			children = (
				55DB36EF23A093710002395C /* CollegeListViewController.swift */,
				55DB371F23A0CB760002395C /* CollegeFormViewController.swift */,
				55B8504523AA0F1A00F76772 /* CollegeDetailViewController.swift */,
				55A2A07F23BF418800B099BF /* ScoreViewController.swift */,
				55A2A08123BF41A100B099BF /* ScoreFormViewController.swift */,
			);
			path = Controller;
			sourceTree = "<group>";
		};
		55DB372123A0CFDA0002395C /* DatabaseHelper */ = {
			isa = PBXGroup;
			children = (
				55DB372223A0D0290002395C /* DatabaseHelper.swift */,
			);
			path = DatabaseHelper;
			sourceTree = "<group>";
		};
		55DB372423A0DBD10002395C /* View */ = {
			isa = PBXGroup;
			children = (
				55DB372523A0DC110002395C /* CollegeViewCell.swift */,
				55A2A08323BF41B500B099BF /* ScoreTableViewCell.swift */,
			);
			path = View;
			sourceTree = "<group>";
		};
/* End PBXGroup section */

/* Begin PBXNativeTarget section */
		55DB36E923A093710002395C /* Student Management */ = {
			isa = PBXNativeTarget;
			buildConfigurationList = 55DB371523A093750002395C /* Build configuration list for PBXNativeTarget "Student Management" */;
			buildPhases = (
				55DB36E623A093710002395C /* Sources */,
				55DB36E723A093710002395C /* Frameworks */,
				55DB36E823A093710002395C /* Resources */,
			);
			buildRules = (
			);
			dependencies = (
			);
			name = "Student Management";
			productName = "Student Management";
			productReference = 55DB36EA23A093710002395C /* Student Management.app */;
			productType = "com.apple.product-type.application";
		};
		55DB370023A093750002395C /* Student ManagementTests */ = {
			isa = PBXNativeTarget;
			buildConfigurationList = 55DB371823A093750002395C /* Build configuration list for PBXNativeTarget "Student ManagementTests" */;
			buildPhases = (
				55DB36FD23A093750002395C /* Sources */,
				55DB36FE23A093750002395C /* Frameworks */,
				55DB36FF23A093750002395C /* Resources */,
			);
			buildRules = (
			);
			dependencies = (
				55DB370323A093750002395C /* PBXTargetDependency */,
			);
			name = "Student ManagementTests";
			productName = "Student ManagementTests";
			productReference = 55DB370123A093750002395C /* Student ManagementTests.xctest */;
			productType = "com.apple.product-type.bundle.unit-test";
		};
		55DB370B23A093750002395C /* Student ManagementUITests */ = {
			isa = PBXNativeTarget;
			buildConfigurationList = 55DB371B23A093750002395C /* Build configuration list for PBXNativeTarget "Student ManagementUITests" */;
			buildPhases = (
				55DB370823A093750002395C /* Sources */,
				55DB370923A093750002395C /* Frameworks */,
				55DB370A23A093750002395C /* Resources */,
			);
			buildRules = (
			);
			dependencies = (
				55DB370E23A093750002395C /* PBXTargetDependency */,
			);
			name = "Student ManagementUITests";
			productName = "Student ManagementUITests";
			productReference = 55DB370C23A093750002395C /* Student ManagementUITests.xctest */;
			productType = "com.apple.product-type.bundle.ui-testing";
		};
/* End PBXNativeTarget section */

/* Begin PBXProject section */
		55DB36E223A093710002395C /* Project object */ = {
			isa = PBXProject;
			attributes = {
				LastSwiftUpdateCheck = 1030;
				LastUpgradeCheck = 1030;
				ORGANIZATIONNAME = DongNV;
				TargetAttributes = {
					55DB36E923A093710002395C = {
						CreatedOnToolsVersion = 10.3;
					};
					55DB370023A093750002395C = {
						CreatedOnToolsVersion = 10.3;
						TestTargetID = 55DB36E923A093710002395C;
					};
					55DB370B23A093750002395C = {
						CreatedOnToolsVersion = 10.3;
						TestTargetID = 55DB36E923A093710002395C;
					};
				};
			};
			buildConfigurationList = 55DB36E523A093710002395C /* Build configuration list for PBXProject "Student Management" */;
			compatibilityVersion = "Xcode 9.3";
			developmentRegion = en;
			hasScannedForEncodings = 0;
			knownRegions = (
				en,
				Base,
			);
			mainGroup = 55DB36E123A093710002395C;
			productRefGroup = 55DB36EB23A093710002395C /* Products */;
			projectDirPath = "";
			projectRoot = "";
			targets = (
				55DB36E923A093710002395C /* Student Management */,
				55DB370023A093750002395C /* Student ManagementTests */,
				55DB370B23A093750002395C /* Student ManagementUITests */,
			);
		};
/* End PBXProject section */

/* Begin PBXResourcesBuildPhase section */
		55DB36E823A093710002395C /* Resources */ = {
			isa = PBXResourcesBuildPhase;
			buildActionMask = 2147483647;
			files = (
				55B8504923AA2F6E00F76772 /* College.storyboard in Resources */,
				55DB36FB23A093740002395C /* LaunchScreen.storyboard in Resources */,
				55DB36F823A093740002395C /* Assets.xcassets in Resources */,
				55DB36F323A093710002395C /* Main.storyboard in Resources */,
			);
			runOnlyForDeploymentPostprocessing = 0;
		};
		55DB36FF23A093750002395C /* Resources */ = {
			isa = PBXResourcesBuildPhase;
			buildActionMask = 2147483647;
			files = (
			);
			runOnlyForDeploymentPostprocessing = 0;
		};
		55DB370A23A093750002395C /* Resources */ = {
			isa = PBXResourcesBuildPhase;
			buildActionMask = 2147483647;
			files = (
			);
			runOnlyForDeploymentPostprocessing = 0;
		};
/* End PBXResourcesBuildPhase section */

/* Begin PBXSourcesBuildPhase section */
		55DB36E623A093710002395C /* Sources */ = {
			isa = PBXSourcesBuildPhase;
			buildActionMask = 2147483647;
			files = (
				55A2A08423BF41B500B099BF /* ScoreTableViewCell.swift in Sources */,
				55B8504623AA0F1A00F76772 /* CollegeDetailViewController.swift in Sources */,
				55DB372023A0CB760002395C /* CollegeFormViewController.swift in Sources */,
				55DB372323A0D0290002395C /* DatabaseHelper.swift in Sources */,
				55DB372623A0DC110002395C /* CollegeViewCell.swift in Sources */,
				55A2A08223BF41A100B099BF /* ScoreFormViewController.swift in Sources */,
				55DB36F623A093710002395C /* Student_Management.xcdatamodeld in Sources */,
				55DB36F023A093710002395C /* CollegeListViewController.swift in Sources */,
				55DB36EE23A093710002395C /* AppDelegate.swift in Sources */,
				55A2A08023BF418800B099BF /* ScoreViewController.swift in Sources */,
			);
			runOnlyForDeploymentPostprocessing = 0;
		};
		55DB36FD23A093750002395C /* Sources */ = {
			isa = PBXSourcesBuildPhase;
			buildActionMask = 2147483647;
			files = (
				55DB370623A093750002395C /* Student_ManagementTests.swift in Sources */,
			);
			runOnlyForDeploymentPostprocessing = 0;
		};
		55DB370823A093750002395C /* Sources */ = {
			isa = PBXSourcesBuildPhase;
			buildActionMask = 2147483647;
			files = (
				55DB371123A093750002395C /* Student_ManagementUITests.swift in Sources */,
			);
			runOnlyForDeploymentPostprocessing = 0;
		};
/* End PBXSourcesBuildPhase section */

/* Begin PBXTargetDependency section */
		55DB370323A093750002395C /* PBXTargetDependency */ = {
			isa = PBXTargetDependency;
			target = 55DB36E923A093710002395C /* Student Management */;
			targetProxy = 55DB370223A093750002395C /* PBXContainerItemProxy */;
		};
		55DB370E23A093750002395C /* PBXTargetDependency */ = {
			isa = PBXTargetDependency;
			target = 55DB36E923A093710002395C /* Student Management */;
			targetProxy = 55DB370D23A093750002395C /* PBXContainerItemProxy */;
		};
/* End PBXTargetDependency section */

/* Begin PBXVariantGroup section */
		55B8504723AA2F6E00F76772 /* College.storyboard */ = {
			isa = PBXVariantGroup;
			children = (
				55B8504823AA2F6E00F76772 /* Base */,
			);
			name = College.storyboard;
			sourceTree = "<group>";
		};
		55DB36F123A093710002395C /* Main.storyboard */ = {
			isa = PBXVariantGroup;
			children = (
				55DB36F223A093710002395C /* Base */,
			);
			name = Main.storyboard;
			sourceTree = "<group>";
		};
		55DB36F923A093740002395C /* LaunchScreen.storyboard */ = {
			isa = PBXVariantGroup;
			children = (
				55DB36FA23A093740002395C /* Base */,
			);
			name = LaunchScreen.storyboard;
			sourceTree = "<group>";
		};
/* End PBXVariantGroup section */

/* Begin XCBuildConfiguration section */
		55DB371323A093750002395C /* Debug */ = {
			isa = XCBuildConfiguration;
			buildSettings = {
				ALWAYS_SEARCH_USER_PATHS = NO;
				CLANG_ANALYZER_NONNULL = YES;
				CLANG_ANALYZER_NUMBER_OBJECT_CONVERSION = YES_AGGRESSIVE;
				CLANG_CXX_LANGUAGE_STANDARD = "gnu++14";
				CLANG_CXX_LIBRARY = "libc++";
				CLANG_ENABLE_MODULES = YES;
				CLANG_ENABLE_OBJC_ARC = YES;
				CLANG_ENABLE_OBJC_WEAK = YES;
				CLANG_WARN_BLOCK_CAPTURE_AUTORELEASING = YES;
				CLANG_WARN_BOOL_CONVERSION = YES;
				CLANG_WARN_COMMA = YES;
				CLANG_WARN_CONSTANT_CONVERSION = YES;
				CLANG_WARN_DEPRECATED_OBJC_IMPLEMENTATIONS = YES;
				CLANG_WARN_DIRECT_OBJC_ISA_USAGE = YES_ERROR;
				CLANG_WARN_DOCUMENTATION_COMMENTS = YES;
				CLANG_WARN_EMPTY_BODY = YES;
				CLANG_WARN_ENUM_CONVERSION = YES;
				CLANG_WARN_INFINITE_RECURSION = YES;
				CLANG_WARN_INT_CONVERSION = YES;
				CLANG_WARN_NON_LITERAL_NULL_CONVERSION = YES;
				CLANG_WARN_OBJC_IMPLICIT_RETAIN_SELF = YES;
				CLANG_WARN_OBJC_LITERAL_CONVERSION = YES;
				CLANG_WARN_OBJC_ROOT_CLASS = YES_ERROR;
				CLANG_WARN_RANGE_LOOP_ANALYSIS = YES;
				CLANG_WARN_STRICT_PROTOTYPES = YES;
				CLANG_WARN_SUSPICIOUS_MOVE = YES;
				CLANG_WARN_UNGUARDED_AVAILABILITY = YES_AGGRESSIVE;
				CLANG_WARN_UNREACHABLE_CODE = YES;
				CLANG_WARN__DUPLICATE_METHOD_MATCH = YES;
				CODE_SIGN_IDENTITY = "iPhone Developer";
				COPY_PHASE_STRIP = NO;
				DEBUG_INFORMATION_FORMAT = dwarf;
				ENABLE_STRICT_OBJC_MSGSEND = YES;
				ENABLE_TESTABILITY = YES;
				GCC_C_LANGUAGE_STANDARD = gnu11;
				GCC_DYNAMIC_NO_PIC = NO;
				GCC_NO_COMMON_BLOCKS = YES;
				GCC_OPTIMIZATION_LEVEL = 0;
				GCC_PREPROCESSOR_DEFINITIONS = (
					"DEBUG=1",
					"$(inherited)",
				);
				GCC_WARN_64_TO_32_BIT_CONVERSION = YES;
				GCC_WARN_ABOUT_RETURN_TYPE = YES_ERROR;
				GCC_WARN_UNDECLARED_SELECTOR = YES;
				GCC_WARN_UNINITIALIZED_AUTOS = YES_AGGRESSIVE;
				GCC_WARN_UNUSED_FUNCTION = YES;
				GCC_WARN_UNUSED_VARIABLE = YES;
				IPHONEOS_DEPLOYMENT_TARGET = 12.4;
				MTL_ENABLE_DEBUG_INFO = INCLUDE_SOURCE;
				MTL_FAST_MATH = YES;
				ONLY_ACTIVE_ARCH = YES;
				SDKROOT = iphoneos;
				SWIFT_ACTIVE_COMPILATION_CONDITIONS = DEBUG;
				SWIFT_OPTIMIZATION_LEVEL = "-Onone";
			};
			name = Debug;
		};
		55DB371423A093750002395C /* Release */ = {
			isa = XCBuildConfiguration;
			buildSettings = {
				ALWAYS_SEARCH_USER_PATHS = NO;
				CLANG_ANALYZER_NONNULL = YES;
				CLANG_ANALYZER_NUMBER_OBJECT_CONVERSION = YES_AGGRESSIVE;
				CLANG_CXX_LANGUAGE_STANDARD = "gnu++14";
				CLANG_CXX_LIBRARY = "libc++";
				CLANG_ENABLE_MODULES = YES;
				CLANG_ENABLE_OBJC_ARC = YES;
				CLANG_ENABLE_OBJC_WEAK = YES;
				CLANG_WARN_BLOCK_CAPTURE_AUTORELEASING = YES;
				CLANG_WARN_BOOL_CONVERSION = YES;
				CLANG_WARN_COMMA = YES;
				CLANG_WARN_CONSTANT_CONVERSION = YES;
				CLANG_WARN_DEPRECATED_OBJC_IMPLEMENTATIONS = YES;
				CLANG_WARN_DIRECT_OBJC_ISA_USAGE = YES_ERROR;
				CLANG_WARN_DOCUMENTATION_COMMENTS = YES;
				CLANG_WARN_EMPTY_BODY = YES;
				CLANG_WARN_ENUM_CONVERSION = YES;
				CLANG_WARN_INFINITE_RECURSION = YES;
				CLANG_WARN_INT_CONVERSION = YES;
				CLANG_WARN_NON_LITERAL_NULL_CONVERSION = YES;
				CLANG_WARN_OBJC_IMPLICIT_RETAIN_SELF = YES;
				CLANG_WARN_OBJC_LITERAL_CONVERSION = YES;
				CLANG_WARN_OBJC_ROOT_CLASS = YES_ERROR;
				CLANG_WARN_RANGE_LOOP_ANALYSIS = YES;
				CLANG_WARN_STRICT_PROTOTYPES = YES;
				CLANG_WARN_SUSPICIOUS_MOVE = YES;
				CLANG_WARN_UNGUARDED_AVAILABILITY = YES_AGGRESSIVE;
				CLANG_WARN_UNREACHABLE_CODE = YES;
				CLANG_WARN__DUPLICATE_METHOD_MATCH = YES;
				CODE_SIGN_IDENTITY = "iPhone Developer";
				COPY_PHASE_STRIP = NO;
				DEBUG_INFORMATION_FORMAT = "dwarf-with-dsym";
				ENABLE_NS_ASSERTIONS = NO;
				ENABLE_STRICT_OBJC_MSGSEND = YES;
				GCC_C_LANGUAGE_STANDARD = gnu11;
				GCC_NO_COMMON_BLOCKS = YES;
				GCC_WARN_64_TO_32_BIT_CONVERSION = YES;
				GCC_WARN_ABOUT_RETURN_TYPE = YES_ERROR;
				GCC_WARN_UNDECLARED_SELECTOR = YES;
				GCC_WARN_UNINITIALIZED_AUTOS = YES_AGGRESSIVE;
				GCC_WARN_UNUSED_FUNCTION = YES;
				GCC_WARN_UNUSED_VARIABLE = YES;
				IPHONEOS_DEPLOYMENT_TARGET = 12.4;
				MTL_ENABLE_DEBUG_INFO = NO;
				MTL_FAST_MATH = YES;
				SDKROOT = iphoneos;
				SWIFT_COMPILATION_MODE = wholemodule;
				SWIFT_OPTIMIZATION_LEVEL = "-O";
				VALIDATE_PRODUCT = YES;
			};
			name = Release;
		};
		55DB371623A093750002395C /* Debug */ = {
			isa = XCBuildConfiguration;
			buildSettings = {
				ASSETCATALOG_COMPILER_APPICON_NAME = AppIcon;
				CODE_SIGN_STYLE = Automatic;
				DEVELOPMENT_TEAM = 4ASLFJP3M3;
				INFOPLIST_FILE = "Student Management/Info.plist";
				LD_RUNPATH_SEARCH_PATHS = (
					"$(inherited)",
					"@executable_path/Frameworks",
				);
				PRODUCT_BUNDLE_IDENTIFIER = "DongNV.Student-Management";
				PRODUCT_NAME = "$(TARGET_NAME)";
				SWIFT_VERSION = 5.0;
				TARGETED_DEVICE_FAMILY = "1,2";
			};
			name = Debug;
		};
		55DB371723A093750002395C /* Release */ = {
			isa = XCBuildConfiguration;
			buildSettings = {
				ASSETCATALOG_COMPILER_APPICON_NAME = AppIcon;
				CODE_SIGN_STYLE = Automatic;
				DEVELOPMENT_TEAM = 4ASLFJP3M3;
				INFOPLIST_FILE = "Student Management/Info.plist";
				LD_RUNPATH_SEARCH_PATHS = (
					"$(inherited)",
					"@executable_path/Frameworks",
				);
				PRODUCT_BUNDLE_IDENTIFIER = "DongNV.Student-Management";
				PRODUCT_NAME = "$(TARGET_NAME)";
				SWIFT_VERSION = 5.0;
				TARGETED_DEVICE_FAMILY = "1,2";
			};
			name = Release;
		};
		55DB371923A093750002395C /* Debug */ = {
			isa = XCBuildConfiguration;
			buildSettings = {
				ALWAYS_EMBED_SWIFT_STANDARD_LIBRARIES = YES;
				BUNDLE_LOADER = "$(TEST_HOST)";
				CODE_SIGN_STYLE = Automatic;
				DEVELOPMENT_TEAM = 4ASLFJP3M3;
				INFOPLIST_FILE = "Student ManagementTests/Info.plist";
				LD_RUNPATH_SEARCH_PATHS = (
					"$(inherited)",
					"@executable_path/Frameworks",
					"@loader_path/Frameworks",
				);
				PRODUCT_BUNDLE_IDENTIFIER = "DongNV.Student-ManagementTests";
				PRODUCT_NAME = "$(TARGET_NAME)";
				SWIFT_VERSION = 5.0;
				TARGETED_DEVICE_FAMILY = "1,2";
				TEST_HOST = "$(BUILT_PRODUCTS_DIR)/Student Management.app/Student Management";
			};
			name = Debug;
		};
		55DB371A23A093750002395C /* Release */ = {
			isa = XCBuildConfiguration;
			buildSettings = {
				ALWAYS_EMBED_SWIFT_STANDARD_LIBRARIES = YES;
				BUNDLE_LOADER = "$(TEST_HOST)";
				CODE_SIGN_STYLE = Automatic;
				DEVELOPMENT_TEAM = 4ASLFJP3M3;
				INFOPLIST_FILE = "Student ManagementTests/Info.plist";
				LD_RUNPATH_SEARCH_PATHS = (
					"$(inherited)",
					"@executable_path/Frameworks",
					"@loader_path/Frameworks",
				);
				PRODUCT_BUNDLE_IDENTIFIER = "DongNV.Student-ManagementTests";
				PRODUCT_NAME = "$(TARGET_NAME)";
				SWIFT_VERSION = 5.0;
				TARGETED_DEVICE_FAMILY = "1,2";
				TEST_HOST = "$(BUILT_PRODUCTS_DIR)/Student Management.app/Student Management";
			};
			name = Release;
		};
		55DB371C23A093750002395C /* Debug */ = {
			isa = XCBuildConfiguration;
			buildSettings = {
				ALWAYS_EMBED_SWIFT_STANDARD_LIBRARIES = YES;
				CODE_SIGN_STYLE = Automatic;
				DEVELOPMENT_TEAM = 4ASLFJP3M3;
				INFOPLIST_FILE = "Student ManagementUITests/Info.plist";
				LD_RUNPATH_SEARCH_PATHS = (
					"$(inherited)",
					"@executable_path/Frameworks",
					"@loader_path/Frameworks",
				);
				PRODUCT_BUNDLE_IDENTIFIER = "DongNV.Student-ManagementUITests";
				PRODUCT_NAME = "$(TARGET_NAME)";
				SWIFT_VERSION = 5.0;
				TARGETED_DEVICE_FAMILY = "1,2";
				TEST_TARGET_NAME = "Student Management";
			};
			name = Debug;
		};
		55DB371D23A093750002395C /* Release */ = {
			isa = XCBuildConfiguration;
			buildSettings = {
				ALWAYS_EMBED_SWIFT_STANDARD_LIBRARIES = YES;
				CODE_SIGN_STYLE = Automatic;
				DEVELOPMENT_TEAM = 4ASLFJP3M3;
				INFOPLIST_FILE = "Student ManagementUITests/Info.plist";
				LD_RUNPATH_SEARCH_PATHS = (
					"$(inherited)",
					"@executable_path/Frameworks",
					"@loader_path/Frameworks",
				);
				PRODUCT_BUNDLE_IDENTIFIER = "DongNV.Student-ManagementUITests";
				PRODUCT_NAME = "$(TARGET_NAME)";
				SWIFT_VERSION = 5.0;
				TARGETED_DEVICE_FAMILY = "1,2";
				TEST_TARGET_NAME = "Student Management";
			};
			name = Release;
		};
/* End XCBuildConfiguration section */

/* Begin XCConfigurationList section */
		55DB36E523A093710002395C /* Build configuration list for PBXProject "Student Management" */ = {
			isa = XCConfigurationList;
			buildConfigurations = (
				55DB371323A093750002395C /* Debug */,
				55DB371423A093750002395C /* Release */,
			);
			defaultConfigurationIsVisible = 0;
			defaultConfigurationName = Release;
		};
		55DB371523A093750002395C /* Build configuration list for PBXNativeTarget "Student Management" */ = {
			isa = XCConfigurationList;
			buildConfigurations = (
				55DB371623A093750002395C /* Debug */,
				55DB371723A093750002395C /* Release */,
			);
			defaultConfigurationIsVisible = 0;
			defaultConfigurationName = Release;
		};
		55DB371823A093750002395C /* Build configuration list for PBXNativeTarget "Student ManagementTests" */ = {
			isa = XCConfigurationList;
			buildConfigurations = (
				55DB371923A093750002395C /* Debug */,
				55DB371A23A093750002395C /* Release */,
			);
			defaultConfigurationIsVisible = 0;
			defaultConfigurationName = Release;
		};
		55DB371B23A093750002395C /* Build configuration list for PBXNativeTarget "Student ManagementUITests" */ = {
			isa = XCConfigurationList;
			buildConfigurations = (
				55DB371C23A093750002395C /* Debug */,
				55DB371D23A093750002395C /* Release */,
			);
			defaultConfigurationIsVisible = 0;
			defaultConfigurationName = Release;
		};
/* End XCConfigurationList section */

/* Begin XCVersionGroup section */
		55DB36F423A093710002395C /* Student_Management.xcdatamodeld */ = {
			isa = XCVersionGroup;
			children = (
				55DB36F523A093710002395C /* Student_Management.xcdatamodel */,
			);
			currentVersion = 55DB36F523A093710002395C /* Student_Management.xcdatamodel */;
			path = Student_Management.xcdatamodeld;
			sourceTree = "<group>";
			versionGroupType = wrapper.xcdatamodel;
		};
/* End XCVersionGroup section */
	};
	rootObject = 55DB36E223A093710002395C /* Project object */;
}
